
Microsoft Visual Studio Solution File, Format Version 12.00
# Visual Studio 15
VisualStudioVersion = 15.0.27428.2037
MinimumVisualStudioVersion = 10.0.40219.1
Project("{FAE04EC0-301F-11D3-BF4B-00C04F79EFBC}") = "test", "test\test.csproj", "{AC71039A-6776-4155-B56D-714FB2CFB248}"
EndProject
Global
	GlobalSection(SolutionConfigurationPlatforms) = preSolution
		Debug|Any CPU = Debug|Any CPU
		Release|Any CPU = Release|Any CPU
	EndGlobalSection
	GlobalSection(ProjectConfigurationPlatforms) = postSolution
		{AC71039A-6776-4155-B56D-714FB2CFB248}.Debug|Any CPU.ActiveCfg = Debug|Any CPU
		{AC71039A-6776-4155-B56D-714FB2CFB248}.Debug|Any CPU.Build.0 = Debug|Any CPU
		{AC71039A-6776-4155-B56D-714FB2CFB248}.Release|Any CPU.ActiveCfg = Release|Any CPU
		{AC71039A-6776-4155-B56D-714FB2CFB248}.Release|Any CPU.Build.0 = Release|Any CPU
	EndGlobalSection
	GlobalSection(SolutionProperties) = preSolution
		HideSolutionNode = FALSE
	EndGlobalSection
	GlobalSection(ExtensibilityGlobals) = postSolution
		SolutionGuid = {73E03A23-BFA3-455A-A55E-16E51BFAC720}
	EndGlobalSection
EndGlobal
